
Microsoft Visual Studio Solution File, Format Version 12.00
# Visual Studio Version 17
VisualStudioVersion = 17.2.32630.192
MinimumVisualStudioVersion = 10.0.40219.1
Project("{9A19103F-16F7-4668-BE54-9A1E7A4F7556}") = "DrivingApp", "DrivingApp\DrivingApp.csproj", "{58022308-4580-4377-B7D2-28CACC36250E}"
EndProject
Global
	GlobalSection(SolutionConfigurationPlatforms) = preSolution
		Debug|Any CPU = Debug|Any CPU
		Release|Any CPU = Release|Any CPU
	EndGlobalSection
	GlobalSection(ProjectConfigurationPlatforms) = postSolution
		{58022308-4580-4377-B7D2-28CACC36250E}.Debug|Any CPU.ActiveCfg = Debug|Any CPU
		{58022308-4580-4377-B7D2-28CACC36250E}.Debug|Any CPU.Build.0 = Debug|Any CPU
		{58022308-4580-4377-B7D2-28CACC36250E}.Release|Any CPU.ActiveCfg = Release|Any CPU
		{58022308-4580-4377-B7D2-28CACC36250E}.Release|Any CPU.Build.0 = Release|Any CPU
	EndGlobalSection
	GlobalSection(SolutionProperties) = preSolution
		HideSolutionNode = FALSE
	EndGlobalSection
	GlobalSection(ExtensibilityGlobals) = postSolution
		SolutionGuid = {074E9B0E-36A0-4B26-8066-FF78A9EFEFD2}
	EndGlobalSection
EndGlobal
